// !$*UTF8*$!
{
	archiveVersion = 1;
	classes = {
	};
	objectVersion = 46;
	objects = {

/* Begin PBXBuildFile section */
		8E261B6017EAFCDE00501D76 /* FacebookSDK.framework in Frameworks */ = {isa = PBXBuildFile; fileRef = 8E261B5F17EAFCDE00501D76 /* FacebookSDK.framework */; };
		8E261B6317EAFD6F00501D76 /* KRFacebook.m in Sources */ = {isa = PBXBuildFile; fileRef = 8E261B6217EAFD6F00501D76 /* KRFacebook.m */; };
		8E261B6617EB012200501D76 /* KRFacebookTools.m in Sources */ = {isa = PBXBuildFile; fileRef = 8E261B6517EB012200501D76 /* KRFacebookTools.m */; };
		8E261B7017EB151000501D76 /* FBSBJSON.m in Sources */ = {isa = PBXBuildFile; fileRef = 8E261B6917EB151000501D76 /* FBSBJSON.m */; };
		8E261B7117EB151000501D76 /* FBSBJsonBase.m in Sources */ = {isa = PBXBuildFile; fileRef = 8E261B6B17EB151000501D76 /* FBSBJsonBase.m */; };
		8E261B7217EB151000501D76 /* FBSBJsonParser.m in Sources */ = {isa = PBXBuildFile; fileRef = 8E261B6D17EB151000501D76 /* FBSBJsonParser.m */; };
		8E261B7317EB151000501D76 /* FBSBJsonWriter.m in Sources */ = {isa = PBXBuildFile; fileRef = 8E261B6F17EB151000501D76 /* FBSBJsonWriter.m */; };
		8EB59C5E162B1B250065252E /* UIKit.framework in Frameworks */ = {isa = PBXBuildFile; fileRef = 8EB59C5D162B1B250065252E /* UIKit.framework */; };
		8EB59C60162B1B250065252E /* Foundation.framework in Frameworks */ = {isa = PBXBuildFile; fileRef = 8EB59C5F162B1B250065252E /* Foundation.framework */; };
		8EB59C62162B1B250065252E /* CoreGraphics.framework in Frameworks */ = {isa = PBXBuildFile; fileRef = 8EB59C61162B1B250065252E /* CoreGraphics.framework */; };
		8EB59C68162B1B250065252E /* InfoPlist.strings in Resources */ = {isa = PBXBuildFile; fileRef = 8EB59C66162B1B250065252E /* InfoPlist.strings */; };
		8EB59C6A162B1B250065252E /* main.m in Sources */ = {isa = PBXBuildFile; fileRef = 8EB59C69162B1B250065252E /* main.m */; settings = {COMPILER_FLAGS = "-fno-objc-arc"; }; };
		8EB59C6E162B1B250065252E /* AppDelegate.m in Sources */ = {isa = PBXBuildFile; fileRef = 8EB59C6D162B1B250065252E /* AppDelegate.m */; settings = {COMPILER_FLAGS = "-fno-objc-arc"; }; };
		8EB59C70162B1B250065252E /* Default.png in Resources */ = {isa = PBXBuildFile; fileRef = 8EB59C6F162B1B250065252E /* Default.png */; };
		8EB59C72162B1B250065252E /* Default@2x.png in Resources */ = {isa = PBXBuildFile; fileRef = 8EB59C71162B1B250065252E /* Default@2x.png */; };
		8EB59C74162B1B250065252E /* Default-568h@2x.png in Resources */ = {isa = PBXBuildFile; fileRef = 8EB59C73162B1B250065252E /* Default-568h@2x.png */; };
		8EB59C77162B1B250065252E /* ViewController.m in Sources */ = {isa = PBXBuildFile; fileRef = 8EB59C76162B1B250065252E /* ViewController.m */; settings = {COMPILER_FLAGS = "-fno-objc-arc"; }; };
		8EB59C7A162B1B250065252E /* ViewController.xib in Resources */ = {isa = PBXBuildFile; fileRef = 8EB59C78162B1B250065252E /* ViewController.xib */; };
		8EB59C81162B1B5C0065252E /* AdSupport.framework in Frameworks */ = {isa = PBXBuildFile; fileRef = 8EB59C80162B1B5C0065252E /* AdSupport.framework */; };
		8EB59C83162B1B630065252E /* Accounts.framework in Frameworks */ = {isa = PBXBuildFile; fileRef = 8EB59C82162B1B630065252E /* Accounts.framework */; };
		8EB59C85162B1B6D0065252E /* Social.framework in Frameworks */ = {isa = PBXBuildFile; fileRef = 8EB59C84162B1B6D0065252E /* Social.framework */; };
		8EB59C87162B1B720065252E /* libsqlite3.0.dylib in Frameworks */ = {isa = PBXBuildFile; fileRef = 8EB59C86162B1B720065252E /* libsqlite3.0.dylib */; };
/* End PBXBuildFile section */

/* Begin PBXFileReference section */
		8E261B5F17EAFCDE00501D76 /* FacebookSDK.framework */ = {isa = PBXFileReference; lastKnownFileType = wrapper.framework; path = FacebookSDK.framework; sourceTree = "<group>"; };
		8E261B6117EAFD6F00501D76 /* KRFacebook.h */ = {isa = PBXFileReference; fileEncoding = 4; lastKnownFileType = sourcecode.c.h; path = KRFacebook.h; sourceTree = "<group>"; };
		8E261B6217EAFD6F00501D76 /* KRFacebook.m */ = {isa = PBXFileReference; fileEncoding = 4; lastKnownFileType = sourcecode.c.objc; path = KRFacebook.m; sourceTree = "<group>"; };
		8E261B6417EB012200501D76 /* KRFacebookTools.h */ = {isa = PBXFileReference; fileEncoding = 4; lastKnownFileType = sourcecode.c.h; path = KRFacebookTools.h; sourceTree = "<group>"; };
		8E261B6517EB012200501D76 /* KRFacebookTools.m */ = {isa = PBXFileReference; fileEncoding = 4; lastKnownFileType = sourcecode.c.objc; path = KRFacebookTools.m; sourceTree = "<group>"; };
		8E261B6817EB151000501D76 /* FBSBJSON.h */ = {isa = PBXFileReference; fileEncoding = 4; lastKnownFileType = sourcecode.c.h; path = FBSBJSON.h; sourceTree = "<group>"; };
		8E261B6917EB151000501D76 /* FBSBJSON.m */ = {isa = PBXFileReference; fileEncoding = 4; lastKnownFileType = sourcecode.c.objc; path = FBSBJSON.m; sourceTree = "<group>"; };
		8E261B6A17EB151000501D76 /* FBSBJsonBase.h */ = {isa = PBXFileReference; fileEncoding = 4; lastKnownFileType = sourcecode.c.h; path = FBSBJsonBase.h; sourceTree = "<group>"; };
		8E261B6B17EB151000501D76 /* FBSBJsonBase.m */ = {isa = PBXFileReference; fileEncoding = 4; lastKnownFileType = sourcecode.c.objc; path = FBSBJsonBase.m; sourceTree = "<group>"; };
		8E261B6C17EB151000501D76 /* FBSBJsonParser.h */ = {isa = PBXFileReference; fileEncoding = 4; lastKnownFileType = sourcecode.c.h; path = FBSBJsonParser.h; sourceTree = "<group>"; };
		8E261B6D17EB151000501D76 /* FBSBJsonParser.m */ = {isa = PBXFileReference; fileEncoding = 4; lastKnownFileType = sourcecode.c.objc; path = FBSBJsonParser.m; sourceTree = "<group>"; };
		8E261B6E17EB151000501D76 /* FBSBJsonWriter.h */ = {isa = PBXFileReference; fileEncoding = 4; lastKnownFileType = sourcecode.c.h; path = FBSBJsonWriter.h; sourceTree = "<group>"; };
		8E261B6F17EB151000501D76 /* FBSBJsonWriter.m */ = {isa = PBXFileReference; fileEncoding = 4; lastKnownFileType = sourcecode.c.objc; path = FBSBJsonWriter.m; sourceTree = "<group>"; };
		8EB59C59162B1B250065252E /* KRFacebook.app */ = {isa = PBXFileReference; explicitFileType = wrapper.application; includeInIndex = 0; path = KRFacebook.app; sourceTree = BUILT_PRODUCTS_DIR; };
		8EB59C5D162B1B250065252E /* UIKit.framework */ = {isa = PBXFileReference; lastKnownFileType = wrapper.framework; name = UIKit.framework; path = System/Library/Frameworks/UIKit.framework; sourceTree = SDKROOT; };
		8EB59C5F162B1B250065252E /* Foundation.framework */ = {isa = PBXFileReference; lastKnownFileType = wrapper.framework; name = Foundation.framework; path = System/Library/Frameworks/Foundation.framework; sourceTree = SDKROOT; };
		8EB59C61162B1B250065252E /* CoreGraphics.framework */ = {isa = PBXFileReference; lastKnownFileType = wrapper.framework; name = CoreGraphics.framework; path = System/Library/Frameworks/CoreGraphics.framework; sourceTree = SDKROOT; };
		8EB59C65162B1B250065252E /* KRFacebook-Info.plist */ = {isa = PBXFileReference; lastKnownFileType = text.plist.xml; path = "KRFacebook-Info.plist"; sourceTree = "<group>"; };
		8EB59C67162B1B250065252E /* en */ = {isa = PBXFileReference; lastKnownFileType = text.plist.strings; name = en; path = en.lproj/InfoPlist.strings; sourceTree = "<group>"; };
		8EB59C69162B1B250065252E /* main.m */ = {isa = PBXFileReference; lastKnownFileType = sourcecode.c.objc; path = main.m; sourceTree = "<group>"; };
		8EB59C6B162B1B250065252E /* KRFacebook-Prefix.pch */ = {isa = PBXFileReference; lastKnownFileType = sourcecode.c.h; path = "KRFacebook-Prefix.pch"; sourceTree = "<group>"; };
		8EB59C6C162B1B250065252E /* AppDelegate.h */ = {isa = PBXFileReference; lastKnownFileType = sourcecode.c.h; path = AppDelegate.h; sourceTree = "<group>"; };
		8EB59C6D162B1B250065252E /* AppDelegate.m */ = {isa = PBXFileReference; lastKnownFileType = sourcecode.c.objc; path = AppDelegate.m; sourceTree = "<group>"; };
		8EB59C6F162B1B250065252E /* Default.png */ = {isa = PBXFileReference; lastKnownFileType = image.png; path = Default.png; sourceTree = "<group>"; };
		8EB59C71162B1B250065252E /* Default@2x.png */ = {isa = PBXFileReference; lastKnownFileType = image.png; path = "Default@2x.png"; sourceTree = "<group>"; };
		8EB59C73162B1B250065252E /* Default-568h@2x.png */ = {isa = PBXFileReference; lastKnownFileType = image.png; path = "Default-568h@2x.png"; sourceTree = "<group>"; };
		8EB59C75162B1B250065252E /* ViewController.h */ = {isa = PBXFileReference; lastKnownFileType = sourcecode.c.h; path = ViewController.h; sourceTree = "<group>"; };
		8EB59C76162B1B250065252E /* ViewController.m */ = {isa = PBXFileReference; lastKnownFileType = sourcecode.c.objc; path = ViewController.m; sourceTree = "<group>"; };
		8EB59C79162B1B250065252E /* en */ = {isa = PBXFileReference; lastKnownFileType = file.xib; name = en; path = en.lproj/ViewController.xib; sourceTree = "<group>"; };
		8EB59C80162B1B5C0065252E /* AdSupport.framework */ = {isa = PBXFileReference; lastKnownFileType = wrapper.framework; name = AdSupport.framework; path = System/Library/Frameworks/AdSupport.framework; sourceTree = SDKROOT; };
		8EB59C82162B1B630065252E /* Accounts.framework */ = {isa = PBXFileReference; lastKnownFileType = wrapper.framework; name = Accounts.framework; path = System/Library/Frameworks/Accounts.framework; sourceTree = SDKROOT; };
		8EB59C84162B1B6D0065252E /* Social.framework */ = {isa = PBXFileReference; lastKnownFileType = wrapper.framework; name = Social.framework; path = System/Library/Frameworks/Social.framework; sourceTree = SDKROOT; };
		8EB59C86162B1B720065252E /* libsqlite3.0.dylib */ = {isa = PBXFileReference; lastKnownFileType = "compiled.mach-o.dylib"; name = libsqlite3.0.dylib; path = usr/lib/libsqlite3.0.dylib; sourceTree = SDKROOT; };
/* End PBXFileReference section */

/* Begin PBXFrameworksBuildPhase section */
		8EB59C56162B1B250065252E /* Frameworks */ = {
			isa = PBXFrameworksBuildPhase;
			buildActionMask = 2147483647;
			files = (
				8EB59C87162B1B720065252E /* libsqlite3.0.dylib in Frameworks */,
				8EB59C85162B1B6D0065252E /* Social.framework in Frameworks */,
				8EB59C83162B1B630065252E /* Accounts.framework in Frameworks */,
				8EB59C81162B1B5C0065252E /* AdSupport.framework in Frameworks */,
				8EB59C5E162B1B250065252E /* UIKit.framework in Frameworks */,
				8EB59C60162B1B250065252E /* Foundation.framework in Frameworks */,
				8EB59C62162B1B250065252E /* CoreGraphics.framework in Frameworks */,
				8E261B6017EAFCDE00501D76 /* FacebookSDK.framework in Frameworks */,
			);
			runOnlyForDeploymentPostprocessing = 0;
		};
/* End PBXFrameworksBuildPhase section */

/* Begin PBXGroup section */
		8E261B6717EB151000501D76 /* FBJSON */ = {
			isa = PBXGroup;
			children = (
				8E261B6817EB151000501D76 /* FBSBJSON.h */,
				8E261B6917EB151000501D76 /* FBSBJSON.m */,
				8E261B6A17EB151000501D76 /* FBSBJsonBase.h */,
				8E261B6B17EB151000501D76 /* FBSBJsonBase.m */,
				8E261B6C17EB151000501D76 /* FBSBJsonParser.h */,
				8E261B6D17EB151000501D76 /* FBSBJsonParser.m */,
				8E261B6E17EB151000501D76 /* FBSBJsonWriter.h */,
				8E261B6F17EB151000501D76 /* FBSBJsonWriter.m */,
			);
			path = FBJSON;
			sourceTree = "<group>";
		};
		8EB59C4E162B1B250065252E = {
			isa = PBXGroup;
			children = (
				8ED930EF162BB87100522EDC /* Classes */,
				8EB59C63162B1B250065252E /* KRFacebook */,
				8EB59C64162B1B250065252E /* Supporting Files */,
				8EB59C5C162B1B250065252E /* Frameworks */,
				8EB59C5A162B1B250065252E /* Products */,
			);
			sourceTree = "<group>";
		};
		8EB59C5A162B1B250065252E /* Products */ = {
			isa = PBXGroup;
			children = (
				8EB59C59162B1B250065252E /* KRFacebook.app */,
			);
			name = Products;
			sourceTree = "<group>";
		};
		8EB59C5C162B1B250065252E /* Frameworks */ = {
			isa = PBXGroup;
			children = (
				8EF96CA2175F73560064CA49 /* Facebook */,
				8EF96CA1175F73510064CA49 /* Extras */,
				8EB59C5D162B1B250065252E /* UIKit.framework */,
				8EB59C5F162B1B250065252E /* Foundation.framework */,
				8EB59C61162B1B250065252E /* CoreGraphics.framework */,
			);
			name = Frameworks;
			sourceTree = "<group>";
		};
		8EB59C63162B1B250065252E /* KRFacebook */ = {
			isa = PBXGroup;
			children = (
				8EB59C6C162B1B250065252E /* AppDelegate.h */,
				8EB59C6D162B1B250065252E /* AppDelegate.m */,
				8EB59C75162B1B250065252E /* ViewController.h */,
				8EB59C76162B1B250065252E /* ViewController.m */,
				8EB59C78162B1B250065252E /* ViewController.xib */,
			);
			path = KRFacebook;
			sourceTree = "<group>";
		};
		8EB59C64162B1B250065252E /* Supporting Files */ = {
			isa = PBXGroup;
			children = (
				8EB59C65162B1B250065252E /* KRFacebook-Info.plist */,
				8EB59C66162B1B250065252E /* InfoPlist.strings */,
				8EB59C69162B1B250065252E /* main.m */,
				8EB59C6B162B1B250065252E /* KRFacebook-Prefix.pch */,
				8EB59C6F162B1B250065252E /* Default.png */,
				8EB59C71162B1B250065252E /* Default@2x.png */,
				8EB59C73162B1B250065252E /* Default-568h@2x.png */,
			);
			name = "Supporting Files";
			path = KRFacebook;
			sourceTree = "<group>";
		};
		8ED930EF162BB87100522EDC /* Classes */ = {
			isa = PBXGroup;
			children = (
				8ED930F0162BB87100522EDC /* KRFacebook */,
			);
			name = Classes;
			path = KRFacebook/Classes;
			sourceTree = "<group>";
		};
		8ED930F0162BB87100522EDC /* KRFacebook */ = {
			isa = PBXGroup;
			children = (
				8E261B6717EB151000501D76 /* FBJSON */,
				8E261B6117EAFD6F00501D76 /* KRFacebook.h */,
				8E261B6217EAFD6F00501D76 /* KRFacebook.m */,
				8E261B6417EB012200501D76 /* KRFacebookTools.h */,
				8E261B6517EB012200501D76 /* KRFacebookTools.m */,
			);
			path = KRFacebook;
			sourceTree = "<group>";
		};
		8EF96CA1175F73510064CA49 /* Extras */ = {
			isa = PBXGroup;
			children = (
				8EB59C86162B1B720065252E /* libsqlite3.0.dylib */,
			);
			name = Extras;
			sourceTree = "<group>";
		};
		8EF96CA2175F73560064CA49 /* Facebook */ = {
			isa = PBXGroup;
			children = (
				8E261B5F17EAFCDE00501D76 /* FacebookSDK.framework */,
				8EB59C82162B1B630065252E /* Accounts.framework */,
				8EB59C80162B1B5C0065252E /* AdSupport.framework */,
				8EB59C84162B1B6D0065252E /* Social.framework */,
			);
			name = Facebook;
			sourceTree = "<group>";
		};
/* End PBXGroup section */

/* Begin PBXNativeTarget section */
		8EB59C58162B1B250065252E /* KRFacebook */ = {
			isa = PBXNativeTarget;
			buildConfigurationList = 8EB59C7D162B1B250065252E /* Build configuration list for PBXNativeTarget "KRFacebook" */;
			buildPhases = (
				8EB59C55162B1B250065252E /* Sources */,
				8EB59C56162B1B250065252E /* Frameworks */,
				8EB59C57162B1B250065252E /* Resources */,
			);
			buildRules = (
			);
			dependencies = (
			);
			name = KRFacebook;
			productName = KRFacebook;
			productReference = 8EB59C59162B1B250065252E /* KRFacebook.app */;
			productType = "com.apple.product-type.application";
		};
/* End PBXNativeTarget section */

/* Begin PBXProject section */
		8EB59C50162B1B250065252E /* Project object */ = {
			isa = PBXProject;
			attributes = {
				LastUpgradeCheck = 0450;
				ORGANIZATIONNAME = "Kuo-Ming Lin";
			};
			buildConfigurationList = 8EB59C53162B1B250065252E /* Build configuration list for PBXProject "KRFacebook" */;
			compatibilityVersion = "Xcode 3.2";
			developmentRegion = English;
			hasScannedForEncodings = 0;
			knownRegions = (
				en,
			);
			mainGroup = 8EB59C4E162B1B250065252E;
			productRefGroup = 8EB59C5A162B1B250065252E /* Products */;
			projectDirPath = "";
			projectRoot = "";
			targets = (
				8EB59C58162B1B250065252E /* KRFacebook */,
			);
		};
/* End PBXProject section */

/* Begin PBXResourcesBuildPhase section */
		8EB59C57162B1B250065252E /* Resources */ = {
			isa = PBXResourcesBuildPhase;
			buildActionMask = 2147483647;
			files = (
				8EB59C68162B1B250065252E /* InfoPlist.strings in Resources */,
				8EB59C70162B1B250065252E /* Default.png in Resources */,
				8EB59C72162B1B250065252E /* Default@2x.png in Resources */,
				8EB59C74162B1B250065252E /* Default-568h@2x.png in Resources */,
				8EB59C7A162B1B250065252E /* ViewController.xib in Resources */,
			);
			runOnlyForDeploymentPostprocessing = 0;
		};
/* End PBXResourcesBuildPhase section */

/* Begin PBXSourcesBuildPhase section */
		8EB59C55162B1B250065252E /* Sources */ = {
			isa = PBXSourcesBuildPhase;
			buildActionMask = 2147483647;
			files = (
				8EB59C6A162B1B250065252E /* main.m in Sources */,
				8EB59C6E162B1B250065252E /* AppDelegate.m in Sources */,
				8EB59C77162B1B250065252E /* ViewController.m in Sources */,
				8E261B6317EAFD6F00501D76 /* KRFacebook.m in Sources */,
				8E261B6617EB012200501D76 /* KRFacebookTools.m in Sources */,
				8E261B7017EB151000501D76 /* FBSBJSON.m in Sources */,
				8E261B7117EB151000501D76 /* FBSBJsonBase.m in Sources */,
				8E261B7217EB151000501D76 /* FBSBJsonParser.m in Sources */,
				8E261B7317EB151000501D76 /* FBSBJsonWriter.m in Sources */,
			);
			runOnlyForDeploymentPostprocessing = 0;
		};
/* End PBXSourcesBuildPhase section */

/* Begin PBXVariantGroup section */
		8EB59C66162B1B250065252E /* InfoPlist.strings */ = {
			isa = PBXVariantGroup;
			children = (
				8EB59C67162B1B250065252E /* en */,
			);
			name = InfoPlist.strings;
			sourceTree = "<group>";
		};
		8EB59C78162B1B250065252E /* ViewController.xib */ = {
			isa = PBXVariantGroup;
			children = (
				8EB59C79162B1B250065252E /* en */,
			);
			name = ViewController.xib;
			sourceTree = "<group>";
		};
/* End PBXVariantGroup section */

/* Begin XCBuildConfiguration section */
		8EB59C7B162B1B250065252E /* Debug */ = {
			isa = XCBuildConfiguration;
			buildSettings = {
				ALWAYS_SEARCH_USER_PATHS = NO;
				CLANG_CXX_LANGUAGE_STANDARD = "gnu++0x";
				CLANG_CXX_LIBRARY = "libc++";
				CLANG_WARN_EMPTY_BODY = YES;
				CLANG_WARN__DUPLICATE_METHOD_MATCH = YES;
				CODE_SIGN_IDENTITY = "";
				"CODE_SIGN_IDENTITY[sdk=iphoneos*]" = "";
				COPY_PHASE_STRIP = NO;
				GCC_C_LANGUAGE_STANDARD = gnu99;
				GCC_DYNAMIC_NO_PIC = NO;
				GCC_OPTIMIZATION_LEVEL = 0;
				GCC_PREPROCESSOR_DEFINITIONS = (
					"DEBUG=1",
					"$(inherited)",
				);
				GCC_SYMBOLS_PRIVATE_EXTERN = NO;
				GCC_WARN_ABOUT_RETURN_TYPE = YES;
				GCC_WARN_UNINITIALIZED_AUTOS = YES;
				GCC_WARN_UNUSED_VARIABLE = YES;
				IPHONEOS_DEPLOYMENT_TARGET = 6.0;
				SDKROOT = iphoneos;
			};
			name = Debug;
		};
		8EB59C7C162B1B250065252E /* Release */ = {
			isa = XCBuildConfiguration;
			buildSettings = {
				ALWAYS_SEARCH_USER_PATHS = NO;
				CLANG_CXX_LANGUAGE_STANDARD = "gnu++0x";
				CLANG_CXX_LIBRARY = "libc++";
				CLANG_WARN_EMPTY_BODY = YES;
				CLANG_WARN__DUPLICATE_METHOD_MATCH = YES;
				CODE_SIGN_IDENTITY = "";
				"CODE_SIGN_IDENTITY[sdk=iphoneos*]" = "";
				COPY_PHASE_STRIP = YES;
				GCC_C_LANGUAGE_STANDARD = gnu99;
				GCC_WARN_ABOUT_RETURN_TYPE = YES;
				GCC_WARN_UNINITIALIZED_AUTOS = YES;
				GCC_WARN_UNUSED_VARIABLE = YES;
				IPHONEOS_DEPLOYMENT_TARGET = 6.0;
				OTHER_CFLAGS = "-DNS_BLOCK_ASSERTIONS=1";
				SDKROOT = iphoneos;
				VALIDATE_PRODUCT = YES;
			};
			name = Release;
		};
		8EB59C7E162B1B250065252E /* Debug */ = {
			isa = XCBuildConfiguration;
			buildSettings = {
				CLANG_ENABLE_OBJC_ARC = YES;
				CODE_SIGN_IDENTITY = "iPhone Developer: KUO-MING LIN (LJ8A4ND325)";
				"CODE_SIGN_IDENTITY[sdk=iphoneos*]" = "iPhone Developer: KUO-MING LIN (LJ8A4ND325)";
				FRAMEWORK_SEARCH_PATHS = (
					"$(inherited)",
					"\"$(SRCROOT)\"",
				);
				GCC_PRECOMPILE_PREFIX_HEADER = YES;
				GCC_PREFIX_HEADER = "KRFacebook/KRFacebook-Prefix.pch";
				INFOPLIST_FILE = "KRFacebook/KRFacebook-Info.plist";
				IPHONEOS_DEPLOYMENT_TARGET = 6.0;
				PRODUCT_NAME = "$(TARGET_NAME)";
				PROVISIONING_PROFILE = "8051EFBE-A79E-44D4-894B-6AD271EF39E6";
				SDKROOT = iphoneos;
				WRAPPER_EXTENSION = app;
			};
			name = Debug;
		};
		8EB59C7F162B1B250065252E /* Release */ = {
			isa = XCBuildConfiguration;
			buildSettings = {
				CLANG_ENABLE_OBJC_ARC = YES;
				CODE_SIGN_IDENTITY = "iPhone Developer: KUO-MING LIN (LJ8A4ND325)";
				"CODE_SIGN_IDENTITY[sdk=iphoneos*]" = "iPhone Developer: KUO-MING LIN (LJ8A4ND325)";
				FRAMEWORK_SEARCH_PATHS = (
					"$(inherited)",
					"\"$(SRCROOT)\"",
				);
				GCC_PRECOMPILE_PREFIX_HEADER = YES;
				GCC_PREFIX_HEADER = "KRFacebook/KRFacebook-Prefix.pch";
				INFOPLIST_FILE = "KRFacebook/KRFacebook-Info.plist";
				IPHONEOS_DEPLOYMENT_TARGET = 6.0;
				PRODUCT_NAME = "$(TARGET_NAME)";
				PROVISIONING_PROFILE = "8051EFBE-A79E-44D4-894B-6AD271EF39E6";
				SDKROOT = iphoneos;
				WRAPPER_EXTENSION = app;
			};
			name = Release;
		};
/* End XCBuildConfiguration section */

/* Begin XCConfigurationList section */
		8EB59C53162B1B250065252E /* Build configuration list for PBXProject "KRFacebook" */ = {
			isa = XCConfigurationList;
			buildConfigurations = (
				8EB59C7B162B1B250065252E /* Debug */,
				8EB59C7C162B1B250065252E /* Release */,
			);
			defaultConfigurationIsVisible = 0;
			defaultConfigurationName = Release;
		};
		8EB59C7D162B1B250065252E /* Build configuration list for PBXNativeTarget "KRFacebook" */ = {
			isa = XCConfigurationList;
			buildConfigurations = (
				8EB59C7E162B1B250065252E /* Debug */,
				8EB59C7F162B1B250065252E /* Release */,
			);
			defaultConfigurationIsVisible = 0;
			defaultConfigurationName = Release;
		};
/* End XCConfigurationList section */
	};
	rootObject = 8EB59C50162B1B250065252E /* Project object */;
}
